// !$*UTF8*$!
{
	archiveVersion = 1;
	classes = {
	};
	objectVersion = 56;
	objects = {

/* Begin PBXBuildFile section */
		09C0B1162C2D4CA600186CEC /* AirbnbCampApp.swift in Sources */ = {isa = PBXBuildFile; fileRef = 09C0B1152C2D4CA600186CEC /* AirbnbCampApp.swift */; };
		09C0B1182C2D4CA600186CEC /* ContentView.swift in Sources */ = {isa = PBXBuildFile; fileRef = 09C0B1172C2D4CA600186CEC /* ContentView.swift */; };
		09C0B11A2C2D4CA700186CEC /* Assets.xcassets in Resources */ = {isa = PBXBuildFile; fileRef = 09C0B1192C2D4CA700186CEC /* Assets.xcassets */; };
		09C0B11D2C2D4CA700186CEC /* Preview Assets.xcassets in Resources */ = {isa = PBXBuildFile; fileRef = 09C0B11C2C2D4CA700186CEC /* Preview Assets.xcassets */; };
		09C0B1322C2D4E9900186CEC /* ListingImageCarouselView.swift in Sources */ = {isa = PBXBuildFile; fileRef = 09C0B1302C2D4E9900186CEC /* ListingImageCarouselView.swift */; };
		09C0B1332C2D4E9900186CEC /* LoginButton.swift in Sources */ = {isa = PBXBuildFile; fileRef = 09C0B1312C2D4E9900186CEC /* LoginButton.swift */; };
		09C0B1362C2D4EB100186CEC /* DestinationSearchView.swift in Sources */ = {isa = PBXBuildFile; fileRef = 09C0B1342C2D4EB100186CEC /* DestinationSearchView.swift */; };
		09C0B1372C2D4EB100186CEC /* ExploreView.swift in Sources */ = {isa = PBXBuildFile; fileRef = 09C0B1352C2D4EB100186CEC /* ExploreView.swift */; };
		09C0B1392C2D4EBB00186CEC /* SearchAndFilterBar.swift in Sources */ = {isa = PBXBuildFile; fileRef = 09C0B1382C2D4EBB00186CEC /* SearchAndFilterBar.swift */; };
		09C0B13C2C2D4EE800186CEC /* ListingItemView.swift in Sources */ = {isa = PBXBuildFile; fileRef = 09C0B13A2C2D4EE800186CEC /* ListingItemView.swift */; };
		09C0B13D2C2D4EE800186CEC /* ListingDetailView.swift in Sources */ = {isa = PBXBuildFile; fileRef = 09C0B13B2C2D4EE800186CEC /* ListingDetailView.swift */; };
		09C0B1402C2D4F0D00186CEC /* ProfileView.swift in Sources */ = {isa = PBXBuildFile; fileRef = 09C0B13E2C2D4F0D00186CEC /* ProfileView.swift */; };
		09C0B1412C2D4F0D00186CEC /* ProfileOptionRowView.swift in Sources */ = {isa = PBXBuildFile; fileRef = 09C0B13F2C2D4F0D00186CEC /* ProfileOptionRowView.swift */; };
		09C0B1432C2D4F1600186CEC /* MainTabView.swift in Sources */ = {isa = PBXBuildFile; fileRef = 09C0B1422C2D4F1600186CEC /* MainTabView.swift */; };
		09C0B1452C2D4F1F00186CEC /* WishListsView.swift in Sources */ = {isa = PBXBuildFile; fileRef = 09C0B1442C2D4F1F00186CEC /* WishListsView.swift */; };
		09C0B1472C2D4F2500186CEC /* Item.swift in Sources */ = {isa = PBXBuildFile; fileRef = 09C0B1462C2D4F2500186CEC /* Item.swift */; };
/* End PBXBuildFile section */

/* Begin PBXFileReference section */
		09C0B1122C2D4CA600186CEC /* AirbnbCamp.app */ = {isa = PBXFileReference; explicitFileType = wrapper.application; includeInIndex = 0; path = AirbnbCamp.app; sourceTree = BUILT_PRODUCTS_DIR; };
		09C0B1152C2D4CA600186CEC /* AirbnbCampApp.swift */ = {isa = PBXFileReference; lastKnownFileType = sourcecode.swift; path = AirbnbCampApp.swift; sourceTree = "<group>"; };
		09C0B1172C2D4CA600186CEC /* ContentView.swift */ = {isa = PBXFileReference; lastKnownFileType = sourcecode.swift; path = ContentView.swift; sourceTree = "<group>"; };
		09C0B1192C2D4CA700186CEC /* Assets.xcassets */ = {isa = PBXFileReference; lastKnownFileType = folder.assetcatalog; path = Assets.xcassets; sourceTree = "<group>"; };
		09C0B11C2C2D4CA700186CEC /* Preview Assets.xcassets */ = {isa = PBXFileReference; lastKnownFileType = folder.assetcatalog; path = "Preview Assets.xcassets"; sourceTree = "<group>"; };
		09C0B1302C2D4E9900186CEC /* ListingImageCarouselView.swift */ = {isa = PBXFileReference; fileEncoding = 4; lastKnownFileType = sourcecode.swift; path = ListingImageCarouselView.swift; sourceTree = "<group>"; };
		09C0B1312C2D4E9900186CEC /* LoginButton.swift */ = {isa = PBXFileReference; fileEncoding = 4; lastKnownFileType = sourcecode.swift; path = LoginButton.swift; sourceTree = "<group>"; };
		09C0B1342C2D4EB100186CEC /* DestinationSearchView.swift */ = {isa = PBXFileReference; fileEncoding = 4; lastKnownFileType = sourcecode.swift; path = DestinationSearchView.swift; sourceTree = "<group>"; };
		09C0B1352C2D4EB100186CEC /* ExploreView.swift */ = {isa = PBXFileReference; fileEncoding = 4; lastKnownFileType = sourcecode.swift; path = ExploreView.swift; sourceTree = "<group>"; };
		09C0B1382C2D4EBB00186CEC /* SearchAndFilterBar.swift */ = {isa = PBXFileReference; fileEncoding = 4; lastKnownFileType = sourcecode.swift; path = SearchAndFilterBar.swift; sourceTree = "<group>"; };
		09C0B13A2C2D4EE800186CEC /* ListingItemView.swift */ = {isa = PBXFileReference; fileEncoding = 4; lastKnownFileType = sourcecode.swift; path = ListingItemView.swift; sourceTree = "<group>"; };
		09C0B13B2C2D4EE800186CEC /* ListingDetailView.swift */ = {isa = PBXFileReference; fileEncoding = 4; lastKnownFileType = sourcecode.swift; path = ListingDetailView.swift; sourceTree = "<group>"; };
		09C0B13E2C2D4F0D00186CEC /* ProfileView.swift */ = {isa = PBXFileReference; fileEncoding = 4; lastKnownFileType = sourcecode.swift; path = ProfileView.swift; sourceTree = "<group>"; };
		09C0B13F2C2D4F0D00186CEC /* ProfileOptionRowView.swift */ = {isa = PBXFileReference; fileEncoding = 4; lastKnownFileType = sourcecode.swift; path = ProfileOptionRowView.swift; sourceTree = "<group>"; };
		09C0B1422C2D4F1600186CEC /* MainTabView.swift */ = {isa = PBXFileReference; fileEncoding = 4; lastKnownFileType = sourcecode.swift; path = MainTabView.swift; sourceTree = "<group>"; };
		09C0B1442C2D4F1F00186CEC /* WishListsView.swift */ = {isa = PBXFileReference; fileEncoding = 4; lastKnownFileType = sourcecode.swift; path = WishListsView.swift; sourceTree = "<group>"; };
		09C0B1462C2D4F2500186CEC /* Item.swift */ = {isa = PBXFileReference; fileEncoding = 4; lastKnownFileType = sourcecode.swift; path = Item.swift; sourceTree = "<group>"; };
/* End PBXFileReference section */

/* Begin PBXFrameworksBuildPhase section */
		09C0B10F2C2D4CA600186CEC /* Frameworks */ = {
			isa = PBXFrameworksBuildPhase;
			buildActionMask = 2147483647;
			files = (
			);
			runOnlyForDeploymentPostprocessing = 0;
		};
/* End PBXFrameworksBuildPhase section */

/* Begin PBXGroup section */
		09C0B1092C2D4CA600186CEC = {
			isa = PBXGroup;
			children = (
				09C0B1142C2D4CA600186CEC /* AirbnbCamp */,
				09C0B1132C2D4CA600186CEC /* Products */,
			);
			sourceTree = "<group>";
		};
		09C0B1132C2D4CA600186CEC /* Products */ = {
			isa = PBXGroup;
			children = (
				09C0B1122C2D4CA600186CEC /* AirbnbCamp.app */,
			);
			name = Products;
			sourceTree = "<group>";
		};
		09C0B1142C2D4CA600186CEC /* AirbnbCamp */ = {
			isa = PBXGroup;
			children = (
				09C0B1232C2D4CD200186CEC /* App */,
				09C0B1242C2D4CF000186CEC /* Core */,
				09C0B12E2C2D4DF600186CEC /* Models */,
				09C0B12D2C2D4DDE00186CEC /* Extentions */,
				09C0B12F2C2D4E0200186CEC /* Utils */,
				09C0B1462C2D4F2500186CEC /* Item.swift */,
				09C0B1172C2D4CA600186CEC /* ContentView.swift */,
				09C0B1192C2D4CA700186CEC /* Assets.xcassets */,
				09C0B11B2C2D4CA700186CEC /* Preview Content */,
			);
			path = AirbnbCamp;
			sourceTree = "<group>";
		};
		09C0B11B2C2D4CA700186CEC /* Preview Content */ = {
			isa = PBXGroup;
			children = (
				09C0B11C2C2D4CA700186CEC /* Preview Assets.xcassets */,
			);
			path = "Preview Content";
			sourceTree = "<group>";
		};
		09C0B1232C2D4CD200186CEC /* App */ = {
			isa = PBXGroup;
			children = (
				09C0B1152C2D4CA600186CEC /* AirbnbCampApp.swift */,
			);
			path = App;
			sourceTree = "<group>";
		};
		09C0B1242C2D4CF000186CEC /* Core */ = {
			isa = PBXGroup;
			children = (
				09C0B1252C2D4CF900186CEC /* Componets */,
				09C0B1262C2D4D0700186CEC /* Explore */,
				09C0B1282C2D4D4A00186CEC /* Listings */,
				09C0B12A2C2D4D9F00186CEC /* Profile */,
				09C0B12B2C2D4DBC00186CEC /* TabBar */,
				09C0B12C2C2D4DC900186CEC /* Wishlists */,
				09C0B1292C2D4D9300186CEC /* MapView */,
			);
			path = Core;
			sourceTree = "<group>";
		};
		09C0B1252C2D4CF900186CEC /* Componets */ = {
			isa = PBXGroup;
			children = (
				09C0B1302C2D4E9900186CEC /* ListingImageCarouselView.swift */,
				09C0B1312C2D4E9900186CEC /* LoginButton.swift */,
			);
			path = Componets;
			sourceTree = "<group>";
		};
		09C0B1262C2D4D0700186CEC /* Explore */ = {
			isa = PBXGroup;
			children = (
				09C0B1342C2D4EB100186CEC /* DestinationSearchView.swift */,
				09C0B1352C2D4EB100186CEC /* ExploreView.swift */,
			);
			path = Explore;
			sourceTree = "<group>";
		};
		09C0B1282C2D4D4A00186CEC /* Listings */ = {
			isa = PBXGroup;
			children = (
				09C0B13B2C2D4EE800186CEC /* ListingDetailView.swift */,
				09C0B13A2C2D4EE800186CEC /* ListingItemView.swift */,
				09C0B1382C2D4EBB00186CEC /* SearchAndFilterBar.swift */,
			);
			path = Listings;
			sourceTree = "<group>";
		};
		09C0B1292C2D4D9300186CEC /* MapView */ = {
			isa = PBXGroup;
			children = (
			);
			path = MapView;
			sourceTree = "<group>";
		};
		09C0B12A2C2D4D9F00186CEC /* Profile */ = {
			isa = PBXGroup;
			children = (
				09C0B13F2C2D4F0D00186CEC /* ProfileOptionRowView.swift */,
				09C0B13E2C2D4F0D00186CEC /* ProfileView.swift */,
			);
			path = Profile;
			sourceTree = "<group>";
		};
		09C0B12B2C2D4DBC00186CEC /* TabBar */ = {
			isa = PBXGroup;
			children = (
				09C0B1422C2D4F1600186CEC /* MainTabView.swift */,
			);
			path = TabBar;
			sourceTree = "<group>";
		};
		09C0B12C2C2D4DC900186CEC /* Wishlists */ = {
			isa = PBXGroup;
			children = (
				09C0B1442C2D4F1F00186CEC /* WishListsView.swift */,
			);
			path = Wishlists;
			sourceTree = "<group>";
		};
		09C0B12D2C2D4DDE00186CEC /* Extentions */ = {
			isa = PBXGroup;
			children = (
			);
			path = Extentions;
			sourceTree = "<group>";
		};
		09C0B12E2C2D4DF600186CEC /* Models */ = {
			isa = PBXGroup;
			children = (
			);
			path = Models;
			sourceTree = "<group>";
		};
		09C0B12F2C2D4E0200186CEC /* Utils */ = {
			isa = PBXGroup;
			children = (
			);
			path = Utils;
			sourceTree = "<group>";
		};
/* End PBXGroup section */

/* Begin PBXNativeTarget section */
		09C0B1112C2D4CA600186CEC /* AirbnbCamp */ = {
			isa = PBXNativeTarget;
			buildConfigurationList = 09C0B1202C2D4CA700186CEC /* Build configuration list for PBXNativeTarget "AirbnbCamp" */;
			buildPhases = (
				09C0B10E2C2D4CA600186CEC /* Sources */,
				09C0B10F2C2D4CA600186CEC /* Frameworks */,
				09C0B1102C2D4CA600186CEC /* Resources */,
			);
			buildRules = (
			);
			dependencies = (
			);
			name = AirbnbCamp;
			productName = AirbnbCamp;
			productReference = 09C0B1122C2D4CA600186CEC /* AirbnbCamp.app */;
			productType = "com.apple.product-type.application";
		};
/* End PBXNativeTarget section */

/* Begin PBXProject section */
		09C0B10A2C2D4CA600186CEC /* Project object */ = {
			isa = PBXProject;
			attributes = {
				BuildIndependentTargetsInParallel = 1;
				LastSwiftUpdateCheck = 1540;
				LastUpgradeCheck = 1540;
				TargetAttributes = {
					09C0B1112C2D4CA600186CEC = {
						CreatedOnToolsVersion = 15.4;
					};
				};
			};
			buildConfigurationList = 09C0B10D2C2D4CA600186CEC /* Build configuration list for PBXProject "AirbnbCamp" */;
			compatibilityVersion = "Xcode 14.0";
			developmentRegion = en;
			hasScannedForEncodings = 0;
			knownRegions = (
				en,
				Base,
			);
			mainGroup = 09C0B1092C2D4CA600186CEC;
			productRefGroup = 09C0B1132C2D4CA600186CEC /* Products */;
			projectDirPath = "";
			projectRoot = "";
			targets = (
				09C0B1112C2D4CA600186CEC /* AirbnbCamp */,
			);
		};
/* End PBXProject section */

/* Begin PBXResourcesBuildPhase section */
		09C0B1102C2D4CA600186CEC /* Resources */ = {
			isa = PBXResourcesBuildPhase;
			buildActionMask = 2147483647;
			files = (
				09C0B11D2C2D4CA700186CEC /* Preview Assets.xcassets in Resources */,
				09C0B11A2C2D4CA700186CEC /* Assets.xcassets in Resources */,
			);
			runOnlyForDeploymentPostprocessing = 0;
		};
/* End PBXResourcesBuildPhase section */

/* Begin PBXSourcesBuildPhase section */
		09C0B10E2C2D4CA600186CEC /* Sources */ = {
			isa = PBXSourcesBuildPhase;
			buildActionMask = 2147483647;
			files = (
				09C0B1362C2D4EB100186CEC /* DestinationSearchView.swift in Sources */,
				09C0B1412C2D4F0D00186CEC /* ProfileOptionRowView.swift in Sources */,
				09C0B1452C2D4F1F00186CEC /* WishListsView.swift in Sources */,
				09C0B1322C2D4E9900186CEC /* ListingImageCarouselView.swift in Sources */,
				09C0B1472C2D4F2500186CEC /* Item.swift in Sources */,
				09C0B1402C2D4F0D00186CEC /* ProfileView.swift in Sources */,
				09C0B1332C2D4E9900186CEC /* LoginButton.swift in Sources */,
				09C0B1392C2D4EBB00186CEC /* SearchAndFilterBar.swift in Sources */,
				09C0B13D2C2D4EE800186CEC /* ListingDetailView.swift in Sources */,
				09C0B13C2C2D4EE800186CEC /* ListingItemView.swift in Sources */,
				09C0B1182C2D4CA600186CEC /* ContentView.swift in Sources */,
				09C0B1372C2D4EB100186CEC /* ExploreView.swift in Sources */,
				09C0B1162C2D4CA600186CEC /* AirbnbCampApp.swift in Sources */,
				09C0B1432C2D4F1600186CEC /* MainTabView.swift in Sources */,
			);
			runOnlyForDeploymentPostprocessing = 0;
		};
/* End PBXSourcesBuildPhase section */

/* Begin XCBuildConfiguration section */
		09C0B11E2C2D4CA700186CEC /* Debug */ = {
			isa = XCBuildConfiguration;
			buildSettings = {
				ALWAYS_SEARCH_USER_PATHS = NO;
				ASSETCATALOG_COMPILER_GENERATE_SWIFT_ASSET_SYMBOL_EXTENSIONS = YES;
				CLANG_ANALYZER_NONNULL = YES;
				CLANG_ANALYZER_NUMBER_OBJECT_CONVERSION = YES_AGGRESSIVE;
				CLANG_CXX_LANGUAGE_STANDARD = "gnu++20";
				CLANG_ENABLE_MODULES = YES;
				CLANG_ENABLE_OBJC_ARC = YES;
				CLANG_ENABLE_OBJC_WEAK = YES;
				CLANG_WARN_BLOCK_CAPTURE_AUTORELEASING = YES;
				CLANG_WARN_BOOL_CONVERSION = YES;
				CLANG_WARN_COMMA = YES;
				CLANG_WARN_CONSTANT_CONVERSION = YES;
				CLANG_WARN_DEPRECATED_OBJC_IMPLEMENTATIONS = YES;
				CLANG_WARN_DIRECT_OBJC_ISA_USAGE = YES_ERROR;
				CLANG_WARN_DOCUMENTATION_COMMENTS = YES;
				CLANG_WARN_EMPTY_BODY = YES;
				CLANG_WARN_ENUM_CONVERSION = YES;
				CLANG_WARN_INFINITE_RECURSION = YES;
				CLANG_WARN_INT_CONVERSION = YES;
				CLANG_WARN_NON_LITERAL_NULL_CONVERSION = YES;
				CLANG_WARN_OBJC_IMPLICIT_RETAIN_SELF = YES;
				CLANG_WARN_OBJC_LITERAL_CONVERSION = YES;
				CLANG_WARN_OBJC_ROOT_CLASS = YES_ERROR;
				CLANG_WARN_QUOTED_INCLUDE_IN_FRAMEWORK_HEADER = YES;
				CLANG_WARN_RANGE_LOOP_ANALYSIS = YES;
				CLANG_WARN_STRICT_PROTOTYPES = YES;
				CLANG_WARN_SUSPICIOUS_MOVE = YES;
				CLANG_WARN_UNGUARDED_AVAILABILITY = YES_AGGRESSIVE;
				CLANG_WARN_UNREACHABLE_CODE = YES;
				CLANG_WARN__DUPLICATE_METHOD_MATCH = YES;
				COPY_PHASE_STRIP = NO;
				DEBUG_INFORMATION_FORMAT = dwarf;
				ENABLE_STRICT_OBJC_MSGSEND = YES;
				ENABLE_TESTABILITY = YES;
				ENABLE_USER_SCRIPT_SANDBOXING = YES;
				GCC_C_LANGUAGE_STANDARD = gnu17;
				GCC_DYNAMIC_NO_PIC = NO;
				GCC_NO_COMMON_BLOCKS = YES;
				GCC_OPTIMIZATION_LEVEL = 0;
				GCC_PREPROCESSOR_DEFINITIONS = (
					"DEBUG=1",
					"$(inherited)",
				);
				GCC_WARN_64_TO_32_BIT_CONVERSION = YES;
				GCC_WARN_ABOUT_RETURN_TYPE = YES_ERROR;
				GCC_WARN_UNDECLARED_SELECTOR = YES;
				GCC_WARN_UNINITIALIZED_AUTOS = YES_AGGRESSIVE;
				GCC_WARN_UNUSED_FUNCTION = YES;
				GCC_WARN_UNUSED_VARIABLE = YES;
				IPHONEOS_DEPLOYMENT_TARGET = 17.5;
				LOCALIZATION_PREFERS_STRING_CATALOGS = YES;
				MTL_ENABLE_DEBUG_INFO = INCLUDE_SOURCE;
				MTL_FAST_MATH = YES;
				ONLY_ACTIVE_ARCH = YES;
				SDKROOT = iphoneos;
				SWIFT_ACTIVE_COMPILATION_CONDITIONS = "DEBUG $(inherited)";
				SWIFT_OPTIMIZATION_LEVEL = "-Onone";
			};
			name = Debug;
		};
		09C0B11F2C2D4CA700186CEC /* Release */ = {
			isa = XCBuildConfiguration;
			buildSettings = {
				ALWAYS_SEARCH_USER_PATHS = NO;
				ASSETCATALOG_COMPILER_GENERATE_SWIFT_ASSET_SYMBOL_EXTENSIONS = YES;
				CLANG_ANALYZER_NONNULL = YES;
				CLANG_ANALYZER_NUMBER_OBJECT_CONVERSION = YES_AGGRESSIVE;
				CLANG_CXX_LANGUAGE_STANDARD = "gnu++20";
				CLANG_ENABLE_MODULES = YES;
				CLANG_ENABLE_OBJC_ARC = YES;
				CLANG_ENABLE_OBJC_WEAK = YES;
				CLANG_WARN_BLOCK_CAPTURE_AUTORELEASING = YES;
				CLANG_WARN_BOOL_CONVERSION = YES;
				CLANG_WARN_COMMA = YES;
				CLANG_WARN_CONSTANT_CONVERSION = YES;
				CLANG_WARN_DEPRECATED_OBJC_IMPLEMENTATIONS = YES;
				CLANG_WARN_DIRECT_OBJC_ISA_USAGE = YES_ERROR;
				CLANG_WARN_DOCUMENTATION_COMMENTS = YES;
				CLANG_WARN_EMPTY_BODY = YES;
				CLANG_WARN_ENUM_CONVERSION = YES;
				CLANG_WARN_INFINITE_RECURSION = YES;
				CLANG_WARN_INT_CONVERSION = YES;
				CLANG_WARN_NON_LITERAL_NULL_CONVERSION = YES;
				CLANG_WARN_OBJC_IMPLICIT_RETAIN_SELF = YES;
				CLANG_WARN_OBJC_LITERAL_CONVERSION = YES;
				CLANG_WARN_OBJC_ROOT_CLASS = YES_ERROR;
				CLANG_WARN_QUOTED_INCLUDE_IN_FRAMEWORK_HEADER = YES;
				CLANG_WARN_RANGE_LOOP_ANALYSIS = YES;
				CLANG_WARN_STRICT_PROTOTYPES = YES;
				CLANG_WARN_SUSPICIOUS_MOVE = YES;
				CLANG_WARN_UNGUARDED_AVAILABILITY = YES_AGGRESSIVE;
				CLANG_WARN_UNREACHABLE_CODE = YES;
				CLANG_WARN__DUPLICATE_METHOD_MATCH = YES;
				COPY_PHASE_STRIP = NO;
				DEBUG_INFORMATION_FORMAT = "dwarf-with-dsym";
				ENABLE_NS_ASSERTIONS = NO;
				ENABLE_STRICT_OBJC_MSGSEND = YES;
				ENABLE_USER_SCRIPT_SANDBOXING = YES;
				GCC_C_LANGUAGE_STANDARD = gnu17;
				GCC_NO_COMMON_BLOCKS = YES;
				GCC_WARN_64_TO_32_BIT_CONVERSION = YES;
				GCC_WARN_ABOUT_RETURN_TYPE = YES_ERROR;
				GCC_WARN_UNDECLARED_SELECTOR = YES;
				GCC_WARN_UNINITIALIZED_AUTOS = YES_AGGRESSIVE;
				GCC_WARN_UNUSED_FUNCTION = YES;
				GCC_WARN_UNUSED_VARIABLE = YES;
				IPHONEOS_DEPLOYMENT_TARGET = 17.5;
				LOCALIZATION_PREFERS_STRING_CATALOGS = YES;
				MTL_ENABLE_DEBUG_INFO = NO;
				MTL_FAST_MATH = YES;
				SDKROOT = iphoneos;
				SWIFT_COMPILATION_MODE = wholemodule;
				VALIDATE_PRODUCT = YES;
			};
			name = Release;
		};
		09C0B1212C2D4CA700186CEC /* Debug */ = {
			isa = XCBuildConfiguration;
			buildSettings = {
				ASSETCATALOG_COMPILER_APPICON_NAME = AppIcon;
				ASSETCATALOG_COMPILER_GLOBAL_ACCENT_COLOR_NAME = AccentColor;
				CODE_SIGN_STYLE = Automatic;
				CURRENT_PROJECT_VERSION = 1;
				DEVELOPMENT_ASSET_PATHS = "\"AirbnbCamp/Preview Content\"";
				DEVELOPMENT_TEAM = 6RF5D72QWG;
				ENABLE_PREVIEWS = YES;
				GENERATE_INFOPLIST_FILE = YES;
				INFOPLIST_KEY_UIApplicationSceneManifest_Generation = YES;
				INFOPLIST_KEY_UIApplicationSupportsIndirectInputEvents = YES;
				INFOPLIST_KEY_UILaunchScreen_Generation = YES;
				INFOPLIST_KEY_UISupportedInterfaceOrientations_iPad = "UIInterfaceOrientationPortrait UIInterfaceOrientationPortraitUpsideDown UIInterfaceOrientationLandscapeLeft UIInterfaceOrientationLandscapeRight";
				INFOPLIST_KEY_UISupportedInterfaceOrientations_iPhone = "UIInterfaceOrientationPortrait UIInterfaceOrientationLandscapeLeft UIInterfaceOrientationLandscapeRight";
				LD_RUNPATH_SEARCH_PATHS = (
					"$(inherited)",
					"@executable_path/Frameworks",
				);
				MARKETING_VERSION = 1.0;
				PRODUCT_BUNDLE_IDENTIFIER = com.huruixing.AirbnbCamp;
				PRODUCT_NAME = "$(TARGET_NAME)";
				SWIFT_EMIT_LOC_STRINGS = YES;
				SWIFT_VERSION = 5.0;
				TARGETED_DEVICE_FAMILY = "1,2";
			};
			name = Debug;
		};
		09C0B1222C2D4CA700186CEC /* Release */ = {
			isa = XCBuildConfiguration;
			buildSettings = {
				ASSETCATALOG_COMPILER_APPICON_NAME = AppIcon;
				ASSETCATALOG_COMPILER_GLOBAL_ACCENT_COLOR_NAME = AccentColor;
				CODE_SIGN_STYLE = Automatic;
				CURRENT_PROJECT_VERSION = 1;
				DEVELOPMENT_ASSET_PATHS = "\"AirbnbCamp/Preview Content\"";
				DEVELOPMENT_TEAM = 6RF5D72QWG;
				ENABLE_PREVIEWS = YES;
				GENERATE_INFOPLIST_FILE = YES;
				INFOPLIST_KEY_UIApplicationSceneManifest_Generation = YES;
				INFOPLIST_KEY_UIApplicationSupportsIndirectInputEvents = YES;
				INFOPLIST_KEY_UILaunchScreen_Generation = YES;
				INFOPLIST_KEY_UISupportedInterfaceOrientations_iPad = "UIInterfaceOrientationPortrait UIInterfaceOrientationPortraitUpsideDown UIInterfaceOrientationLandscapeLeft UIInterfaceOrientationLandscapeRight";
				INFOPLIST_KEY_UISupportedInterfaceOrientations_iPhone = "UIInterfaceOrientationPortrait UIInterfaceOrientationLandscapeLeft UIInterfaceOrientationLandscapeRight";
				LD_RUNPATH_SEARCH_PATHS = (
					"$(inherited)",
					"@executable_path/Frameworks",
				);
				MARKETING_VERSION = 1.0;
				PRODUCT_BUNDLE_IDENTIFIER = com.huruixing.AirbnbCamp;
				PRODUCT_NAME = "$(TARGET_NAME)";
				SWIFT_EMIT_LOC_STRINGS = YES;
				SWIFT_VERSION = 5.0;
				TARGETED_DEVICE_FAMILY = "1,2";
			};
			name = Release;
		};
/* End XCBuildConfiguration section */

/* Begin XCConfigurationList section */
		09C0B10D2C2D4CA600186CEC /* Build configuration list for PBXProject "AirbnbCamp" */ = {
			isa = XCConfigurationList;
			buildConfigurations = (
				09C0B11E2C2D4CA700186CEC /* Debug */,
				09C0B11F2C2D4CA700186CEC /* Release */,
			);
			defaultConfigurationIsVisible = 0;
			defaultConfigurationName = Release;
		};
		09C0B1202C2D4CA700186CEC /* Build configuration list for PBXNativeTarget "AirbnbCamp" */ = {
			isa = XCConfigurationList;
			buildConfigurations = (
				09C0B1212C2D4CA700186CEC /* Debug */,
				09C0B1222C2D4CA700186CEC /* Release */,
			);
			defaultConfigurationIsVisible = 0;
			defaultConfigurationName = Release;
		};
/* End XCConfigurationList section */
	};
	rootObject = 09C0B10A2C2D4CA600186CEC /* Project object */;
}
